
Microsoft Visual Studio Solution File, Format Version 12.00
# Visual Studio Version 16
VisualStudioVersion = 16.0.31702.278
MinimumVisualStudioVersion = 10.0.40219.1
Project("{9A19103F-16F7-4668-BE54-9A1E7A4F7556}") = "Lab-5-2", "Lab-5-2.csproj", "{3D91202C-C668-4EA1-943E-9E00D511E9F7}"
EndProject
Project("{9A19103F-16F7-4668-BE54-9A1E7A4F7556}") = "Lab-5-2-test", "..\Lab-5-2-test\Lab-5-2-test.csproj", "{32A1C2A0-F9D8-4DB5-A205-7D09E929ABEA}"
EndProject
Project("{9A19103F-16F7-4668-BE54-9A1E7A4F7556}") = "Lab-test", "..\Lab-test\Lab-test.csproj", "{C6ACE2DA-602B-45DC-95DE-293DFF420942}"
EndProject
Project("{FAE04EC0-301F-11D3-BF4B-00C04F79EFBC}") = "Lab-1-2-Test", "..\Lab-1-2-Test\Lab-1-2-Test.csproj", "{C196C7DC-157C-4F3F-8C78-A50131FD2B7E}"
EndProject
Global
	GlobalSection(SolutionConfigurationPlatforms) = preSolution
		Debug|Any CPU = Debug|Any CPU
		Release|Any CPU = Release|Any CPU
	EndGlobalSection
	GlobalSection(ProjectConfigurationPlatforms) = postSolution
		{3D91202C-C668-4EA1-943E-9E00D511E9F7}.Debug|Any CPU.ActiveCfg = Debug|Any CPU
		{3D91202C-C668-4EA1-943E-9E00D511E9F7}.Debug|Any CPU.Build.0 = Debug|Any CPU
		{3D91202C-C668-4EA1-943E-9E00D511E9F7}.Release|Any CPU.ActiveCfg = Release|Any CPU
		{3D91202C-C668-4EA1-943E-9E00D511E9F7}.Release|Any CPU.Build.0 = Release|Any CPU
		{32A1C2A0-F9D8-4DB5-A205-7D09E929ABEA}.Debug|Any CPU.ActiveCfg = Debug|Any CPU
		{32A1C2A0-F9D8-4DB5-A205-7D09E929ABEA}.Debug|Any CPU.Build.0 = Debug|Any CPU
		{32A1C2A0-F9D8-4DB5-A205-7D09E929ABEA}.Release|Any CPU.ActiveCfg = Release|Any CPU
		{32A1C2A0-F9D8-4DB5-A205-7D09E929ABEA}.Release|Any CPU.Build.0 = Release|Any CPU
		{C6ACE2DA-602B-45DC-95DE-293DFF420942}.Debug|Any CPU.ActiveCfg = Debug|Any CPU
		{C6ACE2DA-602B-45DC-95DE-293DFF420942}.Debug|Any CPU.Build.0 = Debug|Any CPU
		{C6ACE2DA-602B-45DC-95DE-293DFF420942}.Release|Any CPU.ActiveCfg = Release|Any CPU
		{C6ACE2DA-602B-45DC-95DE-293DFF420942}.Release|Any CPU.Build.0 = Release|Any CPU
		{C196C7DC-157C-4F3F-8C78-A50131FD2B7E}.Debug|Any CPU.ActiveCfg = Debug|Any CPU
		{C196C7DC-157C-4F3F-8C78-A50131FD2B7E}.Debug|Any CPU.Build.0 = Debug|Any CPU
		{C196C7DC-157C-4F3F-8C78-A50131FD2B7E}.Release|Any CPU.ActiveCfg = Release|Any CPU
		{C196C7DC-157C-4F3F-8C78-A50131FD2B7E}.Release|Any CPU.Build.0 = Release|Any CPU
	EndGlobalSection
	GlobalSection(SolutionProperties) = preSolution
		HideSolutionNode = FALSE
	EndGlobalSection
	GlobalSection(ExtensibilityGlobals) = postSolution
		SolutionGuid = {C7151B82-B86D-4295-88F6-95DDE2F6ED8C}
	EndGlobalSection
EndGlobal
